{
  "requires": true,
  "lockfileVersion": 1,
  "dependencies": {
    "@vue/composition-api": {
      "version": "1.7.1",
      "resolved": "https://registry.npmjs.org/@vue/composition-api/-/composition-api-1.7.1.tgz",
      "integrity": "sha512-xDWoEtxGXhH9Ku3ROYX/rzhcpt4v31hpPU5zF3UeVC/qxA3dChmqU8zvTUYoKh3j7rzpNsoFOwqsWG7XPMlaFA==",
      "dev": true
    },
    "vue-demi": {
      "version": "0.13.11",
      "resolved": "https://registry.npmjs.org/vue-demi/-/vue-demi-0.13.11.tgz",
      "integrity": "sha512-IR8HoEEGM65YY3ZJYAjMlKygDQn25D5ajNFNoKh9RSDMQtlzCxtfQjdQgv9jjK+m3377SsJXY8ysq8kLCZL25A=="
    },
    "vue-recaptcha": {
      "version": "2.0.3",
      "resolved": "https://registry.npmjs.org/vue-recaptcha/-/vue-recaptcha-2.0.3.tgz",
      "integrity": "sha512-Rz0kLIETUgmOrp7CxFvaFE65DkhKdWu4pteWOTt2i+yTajTHPqtyOW6DqTg0BvALWTm+WUvWVV7k5XXFijQnBw==",
      "requires": {
        "vue-demi": "^0.13.11"
      }
    }
  }
}
